
Microsoft Visual Studio Solution File, Format Version 12.00
# Visual Studio Version 17
VisualStudioVersion = 17.8.34330.188
MinimumVisualStudioVersion = 10.0.40219.1
Project("{9A19103F-16F7-4668-BE54-9A1E7A4F7556}") = "GenericExample", "GenericExample\GenericExample.csproj", "{397E9A05-189C-4457-9A64-D1E7C8F7BE08}"
EndProject
Global
	GlobalSection(SolutionConfigurationPlatforms) = preSolution
		Debug|Any CPU = Debug|Any CPU
		Release|Any CPU = Release|Any CPU
	EndGlobalSection
	GlobalSection(ProjectConfigurationPlatforms) = postSolution
		{397E9A05-189C-4457-9A64-D1E7C8F7BE08}.Debug|Any CPU.ActiveCfg = Debug|Any CPU
		{397E9A05-189C-4457-9A64-D1E7C8F7BE08}.Debug|Any CPU.Build.0 = Debug|Any CPU
		{397E9A05-189C-4457-9A64-D1E7C8F7BE08}.Release|Any CPU.ActiveCfg = Release|Any CPU
		{397E9A05-189C-4457-9A64-D1E7C8F7BE08}.Release|Any CPU.Build.0 = Release|Any CPU
	EndGlobalSection
	GlobalSection(SolutionProperties) = preSolution
		HideSolutionNode = FALSE
	EndGlobalSection
	GlobalSection(ExtensibilityGlobals) = postSolution
		SolutionGuid = {16E7A62F-2BC6-413E-9900-43CB4913FD3B}
	EndGlobalSection
EndGlobal
